
Microsoft Visual Studio Solution File, Format Version 12.00
# Visual Studio Version 16
VisualStudioVersion = 16.0.33927.289
MinimumVisualStudioVersion = 10.0.40219.1
Project("{FAE04EC0-301F-11D3-BF4B-00C04F79EFBC}") = "QuizGame", "QuizGame\QuizGame.csproj", "{EEBA0225-D5C3-4090-AB2A-2F69D1DF832B}"
EndProject
Global
	GlobalSection(SolutionConfigurationPlatforms) = preSolution
		Debug|Any CPU = Debug|Any CPU
		Release|Any CPU = Release|Any CPU
	EndGlobalSection
	GlobalSection(ProjectConfigurationPlatforms) = postSolution
		{EEBA0225-D5C3-4090-AB2A-2F69D1DF832B}.Debug|Any CPU.ActiveCfg = Debug|Any CPU
		{EEBA0225-D5C3-4090-AB2A-2F69D1DF832B}.Debug|Any CPU.Build.0 = Debug|Any CPU
		{EEBA0225-D5C3-4090-AB2A-2F69D1DF832B}.Release|Any CPU.ActiveCfg = Release|Any CPU
		{EEBA0225-D5C3-4090-AB2A-2F69D1DF832B}.Release|Any CPU.Build.0 = Release|Any CPU
	EndGlobalSection
	GlobalSection(SolutionProperties) = preSolution
		HideSolutionNode = FALSE
	EndGlobalSection
	GlobalSection(ExtensibilityGlobals) = postSolution
		SolutionGuid = {EFCDCA11-B267-455E-8177-BC21C3477709}
	EndGlobalSection
EndGlobal
